
Microsoft Visual Studio Solution File, Format Version 12.00
# Visual Studio Version 17
VisualStudioVersion = 17.12.35527.113 d17.12
MinimumVisualStudioVersion = 10.0.40219.1
Project("{FAE04EC0-301F-11D3-BF4B-00C04F79EFBC}") = "Api", "Api\Api.csproj", "{2F47BDD7-CCD4-451B-B67B-7CAAF19DF0B3}"
EndProject
Project("{FAE04EC0-301F-11D3-BF4B-00C04F79EFBC}") = "Core", "Core\Core.csproj", "{C197D73E-3B08-4247-BC60-4EE03EF3D8C2}"
EndProject
Project("{FAE04EC0-301F-11D3-BF4B-00C04F79EFBC}") = "Infrastructure", "Infrastructure\Infrastructure.csproj", "{A4B8A730-2710-4CB9-97C5-4149AF81406E}"
EndProject
Project("{2150E333-8FDC-42A3-9474-1A3956D46DE8}") = "Acc", "Acc", "{5D7C162F-4E09-4547-9DB0-0B71FBAAFF7F}"
EndProject
Global
	GlobalSection(SolutionConfigurationPlatforms) = preSolution
		Debug|Any CPU = Debug|Any CPU
		Release|Any CPU = Release|Any CPU
	EndGlobalSection
	GlobalSection(ProjectConfigurationPlatforms) = postSolution
		{2F47BDD7-CCD4-451B-B67B-7CAAF19DF0B3}.Debug|Any CPU.ActiveCfg = Debug|Any CPU
		{2F47BDD7-CCD4-451B-B67B-7CAAF19DF0B3}.Debug|Any CPU.Build.0 = Debug|Any CPU
		{2F47BDD7-CCD4-451B-B67B-7CAAF19DF0B3}.Release|Any CPU.ActiveCfg = Release|Any CPU
		{2F47BDD7-CCD4-451B-B67B-7CAAF19DF0B3}.Release|Any CPU.Build.0 = Release|Any CPU
		{C197D73E-3B08-4247-BC60-4EE03EF3D8C2}.Debug|Any CPU.ActiveCfg = Debug|Any CPU
		{C197D73E-3B08-4247-BC60-4EE03EF3D8C2}.Debug|Any CPU.Build.0 = Debug|Any CPU
		{C197D73E-3B08-4247-BC60-4EE03EF3D8C2}.Release|Any CPU.ActiveCfg = Release|Any CPU
		{C197D73E-3B08-4247-BC60-4EE03EF3D8C2}.Release|Any CPU.Build.0 = Release|Any CPU
		{A4B8A730-2710-4CB9-97C5-4149AF81406E}.Debug|Any CPU.ActiveCfg = Debug|Any CPU
		{A4B8A730-2710-4CB9-97C5-4149AF81406E}.Debug|Any CPU.Build.0 = Debug|Any CPU
		{A4B8A730-2710-4CB9-97C5-4149AF81406E}.Release|Any CPU.ActiveCfg = Release|Any CPU
		{A4B8A730-2710-4CB9-97C5-4149AF81406E}.Release|Any CPU.Build.0 = Release|Any CPU
	EndGlobalSection
	GlobalSection(SolutionProperties) = preSolution
		HideSolutionNode = FALSE
	EndGlobalSection
	GlobalSection(NestedProjects) = preSolution
		{2F47BDD7-CCD4-451B-B67B-7CAAF19DF0B3} = {5D7C162F-4E09-4547-9DB0-0B71FBAAFF7F}
		{C197D73E-3B08-4247-BC60-4EE03EF3D8C2} = {5D7C162F-4E09-4547-9DB0-0B71FBAAFF7F}
		{A4B8A730-2710-4CB9-97C5-4149AF81406E} = {5D7C162F-4E09-4547-9DB0-0B71FBAAFF7F}
	EndGlobalSection
EndGlobal
